<?xml version="1.0" encoding="utf-8"?>
<Project ToolsVersion="4.0" xmlns="http://schemas.microsoft.com/developer/msbuild/2003">
  <ItemGroup>
    <Filter Include="Source Files">
      <UniqueIdentifier>{4FC737F1-C7A5-4376-A066-2A32D752A2FF}</UniqueIdentifier>
      <Extensions>cpp;c;cc;cxx;def;odl;idl;hpj;bat;asm;asmx</Extensions>
    </Filter>
    <Filter Include="Header Files">
      <UniqueIdentifier>{93995380-89BD-4b04-88EB-625FBE52EBFB}</UniqueIdentifier>
      <Extensions>h;hpp;hxx;hm;inl;inc;xsd</Extensions>
    </Filter>
    <Filter Include="Resource Files">
      <UniqueIdentifier>{67DA6AB6-F800-4c08-8B7A-83BB121AAD01}</UniqueIdentifier>
      <Extensions>rc;ico;cur;bmp;dlg;rc2;rct;bin;rgs;gif;jpg;jpeg;jpe;resx;tiff;tif;png;wav;mfcribbon-ms</Extensions>
    </Filter>
  </ItemGroup>
  <ItemGroup>
    <ClInclude Include="include\vm\class_loader.h">
      <Filter>Header Files</Filter>
    </ClInclude>
    <ClInclude Include="include\vm\classpath_class_loader.h">
      <Filter>Header Files</Filter>
    </ClInclude>
    <ClInclude Include="include\vm\virtual_machine.h">
      <Filter>Header Files</Filter>
    </ClInclude>
    <ClInclude Include="include\vm\exceptions.h">
      <Filter>Header Files</Filter>
    </ClInclude>
    <ClInclude Include="include\vm\runtime\heap.h">
      <Filter>Header Files</Filter>
    </ClInclude>
    <ClInclude Include="include\vm\runtime\method_area.h">
      <Filter>Header Files</Filter>
    </ClInclude>
    <ClInclude Include="include\vm\runtime\slot.h">
      <Filter>Header Files</Filter>
    </ClInclude>
    <ClInclude Include="include\vm\runtime\program_counter_register.h">
      <Filter>Header Files</Filter>
    </ClInclude>
    <ClInclude Include="include\vm\runtime\vm_thread.h">
      <Filter>Header Files</Filter>
    </ClInclude>
    <ClInclude Include="include\vm\runtime\vm_stack.h">
      <Filter>Header Files</Filter>
    </ClInclude>
    <ClInclude Include="include\vm\runtime\operand_stack.h">
      <Filter>Header Files</Filter>
    </ClInclude>
    <ClInclude Include="include\vm\runtime\frame.h">
      <Filter>Header Files</Filter>
    </ClInclude>
    <ClInclude Include="include\vm\runtime\local_variables.h">
      <Filter>Header Files</Filter>
    </ClInclude>
    <ClInclude Include="include\vm\util\numbers.h">
      <Filter>Header Files</Filter>
    </ClInclude>
    <ClInclude Include="include\vm\runtime\object.h">
      <Filter>Header Files</Filter>
    </ClInclude>
  </ItemGroup>
  <ItemGroup>
    <ClCompile Include="src\class_loader.cpp">
      <Filter>Source Files</Filter>
    </ClCompile>
    <ClCompile Include="src\classpath_class_loader.cpp">
      <Filter>Source Files</Filter>
    </ClCompile>
    <ClCompile Include="src\runtime\virtual_machine.cpp">
      <Filter>Source Files</Filter>
    </ClCompile>
    <ClCompile Include="src\runtime\method_area.cpp">
      <Filter>Source Files</Filter>
    </ClCompile>
    <ClCompile Include="src\runtime\slot.cpp">
      <Filter>Source Files</Filter>
    </ClCompile>
    <ClCompile Include="src\runtime\operand_stack.cpp">
      <Filter>Source Files</Filter>
    </ClCompile>
    <ClCompile Include="src\runtime\frame.cpp">
      <Filter>Source Files</Filter>
    </ClCompile>
    <ClCompile Include="src\runtime\local_variables.cpp">
      <Filter>Source Files</Filter>
    </ClCompile>
    <ClCompile Include="src\util\numbers.cpp">
      <Filter>Source Files</Filter>
    </ClCompile>
  </ItemGroup>
</Project>