<?xml version="1.0" encoding="utf-8"?>
<Project ToolsVersion="4.0" xmlns="http://schemas.microsoft.com/developer/msbuild/2003">
  <ItemGroup>
    <Filter Include="Source Files">
      <UniqueIdentifier>{4FC737F1-C7A5-4376-A066-2A32D752A2FF}</UniqueIdentifier>
      <Extensions>cpp;c;cc;cxx;def;odl;idl;hpj;bat;asm;asmx</Extensions>
    </Filter>
    <Filter Include="Header Files">
      <UniqueIdentifier>{93995380-89BD-4b04-88EB-625FBE52EBFB}</UniqueIdentifier>
      <Extensions>h;hpp;hxx;hm;inl;inc;xsd</Extensions>
    </Filter>
    <Filter Include="Resource Files">
      <UniqueIdentifier>{67DA6AB6-F800-4c08-8B7A-83BB121AAD01}</UniqueIdentifier>
      <Extensions>rc;ico;cur;bmp;dlg;rc2;rct;bin;rgs;gif;jpg;jpeg;jpe;resx;tiff;tif;png;wav;mfcribbon-ms</Extensions>
    </Filter>
  </ItemGroup>
  <ItemGroup>
    <ClInclude Include="include\class_file\format\constant\class.h">
      <Filter>Header Files</Filter>
    </ClInclude>
    <ClInclude Include="include\class_file\format\constant\constant_info.h">
      <Filter>Header Files</Filter>
    </ClInclude>
    <ClInclude Include="include\class_file\format\constant\constant_types.h">
      <Filter>Header Files</Filter>
    </ClInclude>
    <ClInclude Include="include\class_file\format\constant\invoke_dynamic.h">
      <Filter>Header Files</Filter>
    </ClInclude>
    <ClInclude Include="include\class_file\format\constant\method_handle.h">
      <Filter>Header Files</Filter>
    </ClInclude>
    <ClInclude Include="include\class_file\format\constant\method_type.h">
      <Filter>Header Files</Filter>
    </ClInclude>
    <ClInclude Include="include\class_file\format\constant\name_and_type.h">
      <Filter>Header Files</Filter>
    </ClInclude>
    <ClInclude Include="include\class_file\format\constant\number.h">
      <Filter>Header Files</Filter>
    </ClInclude>
    <ClInclude Include="include\class_file\format\constant\ref.h">
      <Filter>Header Files</Filter>
    </ClInclude>
    <ClInclude Include="include\class_file\format\constant\string.h">
      <Filter>Header Files</Filter>
    </ClInclude>
    <ClInclude Include="include\class_file\format\constant\utf8.h">
      <Filter>Header Files</Filter>
    </ClInclude>
    <ClInclude Include="include\class_file\format\access_flags.h">
      <Filter>Header Files</Filter>
    </ClInclude>
    <ClInclude Include="include\class_file\format\annotation.h">
      <Filter>Header Files</Filter>
    </ClInclude>
    <ClInclude Include="include\class_file\format\class_property.h">
      <Filter>Header Files</Filter>
    </ClInclude>
    <ClInclude Include="include\class_file\format\constant_pool.h">
      <Filter>Header Files</Filter>
    </ClInclude>
    <ClInclude Include="include\class_file\format\field_info.h">
      <Filter>Header Files</Filter>
    </ClInclude>
    <ClInclude Include="include\class_file\format\java_class.h">
      <Filter>Header Files</Filter>
    </ClInclude>
    <ClInclude Include="include\class_file\format\method_info.h">
      <Filter>Header Files</Filter>
    </ClInclude>
    <ClInclude Include="include\class_file\format\stack_map_frame.h">
      <Filter>Header Files</Filter>
    </ClInclude>
    <ClInclude Include="include\class_file\format\types.h">
      <Filter>Header Files</Filter>
    </ClInclude>
    <ClInclude Include="include\class_file\format\with_attributes.h">
      <Filter>Header Files</Filter>
    </ClInclude>
    <ClInclude Include="include\class_file\helper\strings.h">
      <Filter>Header Files</Filter>
    </ClInclude>
    <ClInclude Include="include\class_file\parser\binary_reader.h">
      <Filter>Header Files</Filter>
    </ClInclude>
    <ClInclude Include="include\class_file\parser\class_file_parser.h">
      <Filter>Header Files</Filter>
    </ClInclude>
    <ClInclude Include="include\class_file\parser\java_class_parser.h">
      <Filter>Header Files</Filter>
    </ClInclude>
    <ClInclude Include="include\class_file\exceptions.h">
      <Filter>Header Files</Filter>
    </ClInclude>
    <ClInclude Include="include\class_file\format\constant_pool_visitor.h">
      <Filter>Header Files</Filter>
    </ClInclude>
    <ClInclude Include="include\class_file\format\attribute\attribute_info.h">
      <Filter>Header Files</Filter>
    </ClInclude>
  </ItemGroup>
  <ItemGroup>
    <ClCompile Include="src\format\constant\class.cpp">
      <Filter>Source Files</Filter>
    </ClCompile>
    <ClCompile Include="src\format\constant\constant_info.cpp">
      <Filter>Source Files</Filter>
    </ClCompile>
    <ClCompile Include="src\format\constant\invoke_dynamic.cpp">
      <Filter>Source Files</Filter>
    </ClCompile>
    <ClCompile Include="src\format\constant\method_handle.cpp">
      <Filter>Source Files</Filter>
    </ClCompile>
    <ClCompile Include="src\format\constant\method_type.cpp">
      <Filter>Source Files</Filter>
    </ClCompile>
    <ClCompile Include="src\format\constant\name_and_type.cpp">
      <Filter>Source Files</Filter>
    </ClCompile>
    <ClCompile Include="src\format\constant\number.cpp">
      <Filter>Source Files</Filter>
    </ClCompile>
    <ClCompile Include="src\format\constant\ref.cpp">
      <Filter>Source Files</Filter>
    </ClCompile>
    <ClCompile Include="src\format\constant\string.cpp">
      <Filter>Source Files</Filter>
    </ClCompile>
    <ClCompile Include="src\format\constant\utf8.cpp">
      <Filter>Source Files</Filter>
    </ClCompile>
    <ClCompile Include="src\format\class_property.cpp">
      <Filter>Source Files</Filter>
    </ClCompile>
    <ClCompile Include="src\format\field_info.cpp">
      <Filter>Source Files</Filter>
    </ClCompile>
    <ClCompile Include="src\format\java_class.cpp">
      <Filter>Source Files</Filter>
    </ClCompile>
    <ClCompile Include="src\format\method_info.cpp">
      <Filter>Source Files</Filter>
    </ClCompile>
    <ClCompile Include="src\format\with_attributes.cpp">
      <Filter>Source Files</Filter>
    </ClCompile>
    <ClCompile Include="src\helper\strings.cpp">
      <Filter>Source Files</Filter>
    </ClCompile>
    <ClCompile Include="src\parser\class_file_parser.cpp">
      <Filter>Source Files</Filter>
    </ClCompile>
    <ClCompile Include="src\parser\java_class_parser.cpp">
      <Filter>Source Files</Filter>
    </ClCompile>
    <ClCompile Include="src\parser\binary_reader.cpp">
      <Filter>Source Files</Filter>
    </ClCompile>
    <ClCompile Include="src\format\constant_pool.cpp">
      <Filter>Source Files</Filter>
    </ClCompile>
    <ClCompile Include="src\format\constant_pool_visitor.cpp">
      <Filter>Source Files</Filter>
    </ClCompile>
    <ClCompile Include="src\format\attribute\attribute_info.cpp">
      <Filter>Source Files</Filter>
    </ClCompile>
  </ItemGroup>
</Project>